<?xml version="1.0" encoding="utf-8"?>
<Project ToolsVersion="4.0" xmlns="http://schemas.microsoft.com/developer/msbuild/2003">
  <ItemGroup>
    <Filter Include="Source Files">
      <UniqueIdentifier>{4FC737F1-C7A5-4376-A066-2A32D752A2FF}</UniqueIdentifier>
      <Extensions>cpp;c;cc;cxx;def;odl;idl;hpj;bat;asm;asmx</Extensions>
    </Filter>
    <Filter Include="Header Files">
      <UniqueIdentifier>{93995380-89BD-4b04-88EB-625FBE52EBFB}</UniqueIdentifier>
      <Extensions>h;hh;hpp;hxx;hm;inl;inc;ipp;xsd</Extensions>
    </Filter>
    <Filter Include="Resource Files">
      <UniqueIdentifier>{67DA6AB6-F800-4c08-8B7A-83BB121AAD01}</UniqueIdentifier>
      <Extensions>rc;ico;cur;bmp;dlg;rc2;rct;bin;rgs;gif;jpg;jpeg;jpe;resx;tiff;tif;png;wav;mfcribbon-ms</Extensions>
    </Filter>
  </ItemGroup>
  <ItemGroup>
    <ClCompile Include="Baekjoon.cpp">
      <Filter>Source Files</Filter>
    </ClCompile>
    <ClCompile Include="Binary Counting.cpp">
      <Filter>Source Files</Filter>
    </ClCompile>
    <ClCompile Include="boj1431.cpp">
      <Filter>Source Files</Filter>
    </ClCompile>
    <ClCompile Include="boj4963.cpp">
      <Filter>Source Files</Filter>
    </ClCompile>
    <ClCompile Include="sample_palindrome.cpp">
      <Filter>Source Files</Filter>
    </ClCompile>
    <ClCompile Include="scpc2018-1(Bus_Ride).cpp">
      <Filter>Source Files</Filter>
    </ClCompile>
    <ClCompile Include="SDS_TEST_BIGINT-exhaustive search.cpp">
      <Filter>Source Files</Filter>
    </ClCompile>
    <ClCompile Include="SDS_TEST_BIGINT-sorted vectors.cpp">
      <Filter>Source Files</Filter>
    </ClCompile>
    <ClCompile Include="SDS_TEST_CLOCK.cpp">
      <Filter>Source Files</Filter>
    </ClCompile>
    <ClCompile Include="SDS_TEST_SPACE.cpp">
      <Filter>Source Files</Filter>
    </ClCompile>
    <ClCompile Include="SDS_TEST_SURVIVOR.cpp">
      <Filter>Source Files</Filter>
    </ClCompile>
    <ClCompile Include="stdafx.cpp">
      <Filter>Source Files</Filter>
    </ClCompile>
    <ClCompile Include="SWA_1244.cpp">
      <Filter>Source Files</Filter>
    </ClCompile>
    <ClCompile Include="SWA_1974.cpp">
      <Filter>Source Files</Filter>
    </ClCompile>
    <ClCompile Include="SWA_2806.cpp">
      <Filter>Source Files</Filter>
    </ClCompile>
    <ClCompile Include="SWA_10024.cpp">
      <Filter>Source Files</Filter>
    </ClCompile>
    <ClCompile Include="topCoderSRM428.cpp">
      <Filter>Source Files</Filter>
    </ClCompile>
    <ClCompile Include="topCoderSRM494.cpp">
      <Filter>Source Files</Filter>
    </ClCompile>
    <ClCompile Include="winter_coding2.cpp">
      <Filter>Source Files</Filter>
    </ClCompile>
    <ClCompile Include="boj14502.cpp">
      <Filter>Source Files</Filter>
    </ClCompile>
    <ClCompile Include="boj9996.cpp">
      <Filter>Source Files</Filter>
    </ClCompile>
    <ClCompile Include="boj2178.cpp">
      <Filter>Source Files</Filter>
    </ClCompile>
    <ClCompile Include="boj1520.cpp">
      <Filter>Source Files</Filter>
    </ClCompile>
    <ClCompile Include="Kpage3.cpp">
      <Filter>Source Files</Filter>
    </ClCompile>
  </ItemGroup>
</Project>